
Microsoft Visual Studio Solution File, Format Version 12.00
# Visual Studio Version 16
VisualStudioVersion = 16.0.30717.126
MinimumVisualStudioVersion = 10.0.40219.1
Project("{FAE04EC0-301F-11D3-BF4B-00C04F79EFBC}") = "DI.Console", "DI.Console\DI.Console.csproj", "{8CF01DA4-5E33-4092-9721-4E5D38A60FE7}"
EndProject
Global
	GlobalSection(SolutionConfigurationPlatforms) = preSolution
		Debug|Any CPU = Debug|Any CPU
		Release|Any CPU = Release|Any CPU
	EndGlobalSection
	GlobalSection(ProjectConfigurationPlatforms) = postSolution
		{8CF01DA4-5E33-4092-9721-4E5D38A60FE7}.Debug|Any CPU.ActiveCfg = Debug|Any CPU
		{8CF01DA4-5E33-4092-9721-4E5D38A60FE7}.Debug|Any CPU.Build.0 = Debug|Any CPU
		{8CF01DA4-5E33-4092-9721-4E5D38A60FE7}.Release|Any CPU.ActiveCfg = Release|Any CPU
		{8CF01DA4-5E33-4092-9721-4E5D38A60FE7}.Release|Any CPU.Build.0 = Release|Any CPU
	EndGlobalSection
	GlobalSection(SolutionProperties) = preSolution
		HideSolutionNode = FALSE
	EndGlobalSection
	GlobalSection(ExtensibilityGlobals) = postSolution
		SolutionGuid = {59B5D7C1-EB43-4E2B-B88A-6EBB30CF063B}
	EndGlobalSection
EndGlobal
